github.com/BurntSushi/toml v1.5.0 h1:W5quZX/G/csjUnuI8SUYlsHs9M38FC7znL0lIO+DvMg=
github.com/BurntSushi/toml v1.5.0/go.mod h1:ukJfTF/6rtPPRCnwkur4qwRxa8vTRFBF0uk2lLoLwho=
github.com/NVIDIA/go-nvml v0.13.3-1 h1:P76U2h88OZSiMtdhRsJjSF5DXyXUqHIXKeDicVAaae0=
github.com/NVIDIA/go-nvml v0.13.3-1/go.mod h1:ahi2psRYoa+wYUBIrZPRO+wJs9lcvMhxSSkjjvsJJNQ=
